
Microsoft Visual Studio Solution File, Format Version 12.00
# Visual Studio Version 16
VisualStudioVersion = 16.0.31205.134
MinimumVisualStudioVersion = 10.0.40219.1
Project("{FAE04EC0-301F-11D3-BF4B-00C04F79EFBC}") = "simple calculator", "simple calculator\simple calculator.csproj", "{62614422-591D-439B-840C-EFE1DE2C94F5}"
EndProject
Global
	GlobalSection(SolutionConfigurationPlatforms) = preSolution
		Debug|Any CPU = Debug|Any CPU
		Release|Any CPU = Release|Any CPU
	EndGlobalSection
	GlobalSection(ProjectConfigurationPlatforms) = postSolution
		{62614422-591D-439B-840C-EFE1DE2C94F5}.Debug|Any CPU.ActiveCfg = Debug|Any CPU
		{62614422-591D-439B-840C-EFE1DE2C94F5}.Debug|Any CPU.Build.0 = Debug|Any CPU
		{62614422-591D-439B-840C-EFE1DE2C94F5}.Release|Any CPU.ActiveCfg = Release|Any CPU
		{62614422-591D-439B-840C-EFE1DE2C94F5}.Release|Any CPU.Build.0 = Release|Any CPU
	EndGlobalSection
	GlobalSection(SolutionProperties) = preSolution
		HideSolutionNode = FALSE
	EndGlobalSection
	GlobalSection(ExtensibilityGlobals) = postSolution
		SolutionGuid = {F41B966B-B315-4F59-A5E9-4323EB498A84}
	EndGlobalSection
EndGlobal
